// !$*UTF8*$!
{
	archiveVersion = 1;
	classes = {
	};
	objectVersion = 50;
	objects = {

/* Begin PBXBuildFile section */
		3F6B41CADAC8DBA925002B1F /* Pods_ReactYogaExample.framework in Frameworks */ = {isa = PBXBuildFile; fileRef = 930825CD4722232B9E16DAA2 /* Pods_ReactYogaExample.framework */; };
		5ED2D4B6212B6D1C009751FF /* AppDelegate.m in Sources */ = {isa = PBXBuildFile; fileRef = 5ED2D4B5212B6D1C009751FF /* AppDelegate.m */; };
		5ED2D4B8212B6D1C009751FF /* ReactYogaExample-Prefix.pch in Resources */ = {isa = PBXBuildFile; fileRef = 5ED2D4B7212B6D1C009751FF /* ReactYogaExample-Prefix.pch */; };
		5ED2D4BA212B6D1E009751FF /* Assets.xcassets in Resources */ = {isa = PBXBuildFile; fileRef = 5ED2D4B9212B6D1E009751FF /* Assets.xcassets */; };
		5ED2D4BD212B6D1E009751FF /* LaunchScreen.storyboard in Resources */ = {isa = PBXBuildFile; fileRef = 5ED2D4BB212B6D1E009751FF /* LaunchScreen.storyboard */; };
		5ED2D4C0212B6D1E009751FF /* main.m in Sources */ = {isa = PBXBuildFile; fileRef = 5ED2D4BF212B6D1E009751FF /* main.m */; };
		5ED2D4E1212C13E7009751FF /* NativeViewController.swift in Sources */ = {isa = PBXBuildFile; fileRef = 5ED2D4E0212C13E7009751FF /* NativeViewController.swift */; };
/* End PBXBuildFile section */

/* Begin PBXFileReference section */
		5ED2D4B1212B6D1C009751FF /* ReactYogaExample.app */ = {isa = PBXFileReference; explicitFileType = wrapper.application; includeInIndex = 0; path = ReactYogaExample.app; sourceTree = BUILT_PRODUCTS_DIR; };
		5ED2D4B4212B6D1C009751FF /* AppDelegate.h */ = {isa = PBXFileReference; lastKnownFileType = sourcecode.c.h; path = AppDelegate.h; sourceTree = "<group>"; };
		5ED2D4B5212B6D1C009751FF /* AppDelegate.m */ = {isa = PBXFileReference; lastKnownFileType = sourcecode.c.objc; path = AppDelegate.m; sourceTree = "<group>"; };
		5ED2D4B7212B6D1C009751FF /* ReactYogaExample-Prefix.pch */ = {isa = PBXFileReference; lastKnownFileType = sourcecode.c.h; path = "ReactYogaExample-Prefix.pch"; sourceTree = "<group>"; };
		5ED2D4B9212B6D1E009751FF /* Assets.xcassets */ = {isa = PBXFileReference; lastKnownFileType = folder.assetcatalog; path = Assets.xcassets; sourceTree = "<group>"; };
		5ED2D4BC212B6D1E009751FF /* Base */ = {isa = PBXFileReference; lastKnownFileType = file.storyboard; name = Base; path = Base.lproj/LaunchScreen.storyboard; sourceTree = "<group>"; };
		5ED2D4BE212B6D1E009751FF /* Info.plist */ = {isa = PBXFileReference; lastKnownFileType = text.plist.xml; path = Info.plist; sourceTree = "<group>"; };
		5ED2D4BF212B6D1E009751FF /* main.m */ = {isa = PBXFileReference; lastKnownFileType = sourcecode.c.objc; path = main.m; sourceTree = "<group>"; };
		5ED2D4DF212C13E7009751FF /* ReactYogaExample-Bridging-Header.h */ = {isa = PBXFileReference; lastKnownFileType = sourcecode.c.h; path = "ReactYogaExample-Bridging-Header.h"; sourceTree = "<group>"; };
		5ED2D4E0212C13E7009751FF /* NativeViewController.swift */ = {isa = PBXFileReference; lastKnownFileType = sourcecode.swift; path = NativeViewController.swift; sourceTree = "<group>"; };
		6F977D1C661B87378C230097 /* Pods-ReactYogaExample.release.xcconfig */ = {isa = PBXFileReference; includeInIndex = 1; lastKnownFileType = text.xcconfig; name = "Pods-ReactYogaExample.release.xcconfig"; path = "Pods/Target Support Files/Pods-ReactYogaExample/Pods-ReactYogaExample.release.xcconfig"; sourceTree = "<group>"; };
		930825CD4722232B9E16DAA2 /* Pods_ReactYogaExample.framework */ = {isa = PBXFileReference; explicitFileType = wrapper.framework; includeInIndex = 0; path = Pods_ReactYogaExample.framework; sourceTree = BUILT_PRODUCTS_DIR; };
		9F7C7EB0DAE85FB5A9800427 /* Pods-ReactYogaExample.debug.xcconfig */ = {isa = PBXFileReference; includeInIndex = 1; lastKnownFileType = text.xcconfig; name = "Pods-ReactYogaExample.debug.xcconfig"; path = "Pods/Target Support Files/Pods-ReactYogaExample/Pods-ReactYogaExample.debug.xcconfig"; sourceTree = "<group>"; };
/* End PBXFileReference section */

/* Begin PBXFrameworksBuildPhase section */
		5ED2D4AE212B6D1C009751FF /* Frameworks */ = {
			isa = PBXFrameworksBuildPhase;
			buildActionMask = 2147483647;
			files = (
				3F6B41CADAC8DBA925002B1F /* Pods_ReactYogaExample.framework in Frameworks */,
			);
			runOnlyForDeploymentPostprocessing = 0;
		};
/* End PBXFrameworksBuildPhase section */

/* Begin PBXGroup section */
		071F9189EF3D505C81DEE69D /* Pods */ = {
			isa = PBXGroup;
			children = (
				9F7C7EB0DAE85FB5A9800427 /* Pods-ReactYogaExample.debug.xcconfig */,
				6F977D1C661B87378C230097 /* Pods-ReactYogaExample.release.xcconfig */,
			);
			name = Pods;
			sourceTree = "<group>";
		};
		5C0FDA1EF249BF6CFE7B6859 /* Frameworks */ = {
			isa = PBXGroup;
			children = (
				930825CD4722232B9E16DAA2 /* Pods_ReactYogaExample.framework */,
			);
			name = Frameworks;
			sourceTree = "<group>";
		};
		5ED2D4A8212B6D1C009751FF = {
			isa = PBXGroup;
			children = (
				5ED2D4B3212B6D1C009751FF /* ReactYogaExample */,
				5ED2D4B2212B6D1C009751FF /* Products */,
				071F9189EF3D505C81DEE69D /* Pods */,
				5C0FDA1EF249BF6CFE7B6859 /* Frameworks */,
			);
			sourceTree = "<group>";
		};
		5ED2D4B2212B6D1C009751FF /* Products */ = {
			isa = PBXGroup;
			children = (
				5ED2D4B1212B6D1C009751FF /* ReactYogaExample.app */,
			);
			name = Products;
			sourceTree = "<group>";
		};
		5ED2D4B3212B6D1C009751FF /* ReactYogaExample */ = {
			isa = PBXGroup;
			children = (
				5ED2D4E0212C13E7009751FF /* NativeViewController.swift */,
				5ED2D4B4212B6D1C009751FF /* AppDelegate.h */,
				5ED2D4B5212B6D1C009751FF /* AppDelegate.m */,
				5ED2D4B7212B6D1C009751FF /* ReactYogaExample-Prefix.pch */,
				5ED2D4B9212B6D1E009751FF /* Assets.xcassets */,
				5ED2D4BB212B6D1E009751FF /* LaunchScreen.storyboard */,
				5ED2D4BE212B6D1E009751FF /* Info.plist */,
				5ED2D4BF212B6D1E009751FF /* main.m */,
				5ED2D4DF212C13E7009751FF /* ReactYogaExample-Bridging-Header.h */,
			);
			path = ReactYogaExample;
			sourceTree = "<group>";
		};
/* End PBXGroup section */

/* Begin PBXNativeTarget section */
		5ED2D4B0212B6D1C009751FF /* ReactYogaExample */ = {
			isa = PBXNativeTarget;
			buildConfigurationList = 5ED2D4C3212B6D1E009751FF /* Build configuration list for PBXNativeTarget "ReactYogaExample" */;
			buildPhases = (
				AC7E2BB749DB2FDBC50E07DF /* [CP] Check Pods Manifest.lock */,
				5ED2D4AD212B6D1C009751FF /* Sources */,
				5ED2D4AE212B6D1C009751FF /* Frameworks */,
				5ED2D4AF212B6D1C009751FF /* Resources */,
				47F498E88F147CA9B31B20C5 /* [CP] Embed Pods Frameworks */,
			);
			buildRules = (
			);
			dependencies = (
			);
			name = ReactYogaExample;
			productName = ReactYogaExample;
			productReference = 5ED2D4B1212B6D1C009751FF /* ReactYogaExample.app */;
			productType = "com.apple.product-type.application";
		};
/* End PBXNativeTarget section */

/* Begin PBXProject section */
		5ED2D4A9212B6D1C009751FF /* Project object */ = {
			isa = PBXProject;
			attributes = {
				LastUpgradeCheck = 0940;
				ORGANIZATIONNAME = Koen.;
				TargetAttributes = {
					5ED2D4B0212B6D1C009751FF = {
						CreatedOnToolsVersion = 9.4.1;
						LastSwiftMigration = 0940;
					};
				};
			};
			buildConfigurationList = 5ED2D4AC212B6D1C009751FF /* Build configuration list for PBXProject "ReactYogaExample" */;
			compatibilityVersion = "Xcode 9.3";
			developmentRegion = en;
			hasScannedForEncodings = 0;
			knownRegions = (
				en,
				Base,
			);
			mainGroup = 5ED2D4A8212B6D1C009751FF;
			productRefGroup = 5ED2D4B2212B6D1C009751FF /* Products */;
			projectDirPath = "";
			projectRoot = "";
			targets = (
				5ED2D4B0212B6D1C009751FF /* ReactYogaExample */,
			);
		};
/* End PBXProject section */

/* Begin PBXResourcesBuildPhase section */
		5ED2D4AF212B6D1C009751FF /* Resources */ = {
			isa = PBXResourcesBuildPhase;
			buildActionMask = 2147483647;
			files = (
				5ED2D4BD212B6D1E009751FF /* LaunchScreen.storyboard in Resources */,
				5ED2D4BA212B6D1E009751FF /* Assets.xcassets in Resources */,
				5ED2D4B8212B6D1C009751FF /* ReactYogaExample-Prefix.pch in Resources */,
			);
			runOnlyForDeploymentPostprocessing = 0;
		};
/* End PBXResourcesBuildPhase section */

/* Begin PBXShellScriptBuildPhase section */
		47F498E88F147CA9B31B20C5 /* [CP] Embed Pods Frameworks */ = {
			isa = PBXShellScriptBuildPhase;
			buildActionMask = 2147483647;
			files = (
			);
			inputPaths = (
				"${SRCROOT}/Pods/Target Support Files/Pods-ReactYogaExample/Pods-ReactYogaExample-frameworks.sh",
				"${BUILT_PRODUCTS_DIR}/DoubleConversion/DoubleConversion.framework",
				"${BUILT_PRODUCTS_DIR}/Folly/folly.framework",
				"${BUILT_PRODUCTS_DIR}/React/React.framework",
				"${BUILT_PRODUCTS_DIR}/ReactYoga/yoga.framework",
				"${BUILT_PRODUCTS_DIR}/Yoga/yoga.framework",
				"${BUILT_PRODUCTS_DIR}/YogaKit/YogaKit.framework",
				"${BUILT_PRODUCTS_DIR}/glog/glog.framework",
			);
			name = "[CP] Embed Pods Frameworks";
			outputPaths = (
				"${TARGET_BUILD_DIR}/${FRAMEWORKS_FOLDER_PATH}/DoubleConversion.framework",
				"${TARGET_BUILD_DIR}/${FRAMEWORKS_FOLDER_PATH}/folly.framework",
				"${TARGET_BUILD_DIR}/${FRAMEWORKS_FOLDER_PATH}/React.framework",
				"${TARGET_BUILD_DIR}/${FRAMEWORKS_FOLDER_PATH}/yoga.framework",
				"${TARGET_BUILD_DIR}/${FRAMEWORKS_FOLDER_PATH}/YogaKit.framework",
				"${TARGET_BUILD_DIR}/${FRAMEWORKS_FOLDER_PATH}/glog.framework",
			);
			runOnlyForDeploymentPostprocessing = 0;
			shellPath = /bin/sh;
			shellScript = "\"${SRCROOT}/Pods/Target Support Files/Pods-ReactYogaExample/Pods-ReactYogaExample-frameworks.sh\"\n";
			showEnvVarsInLog = 0;
		};
		AC7E2BB749DB2FDBC50E07DF /* [CP] Check Pods Manifest.lock */ = {
			isa = PBXShellScriptBuildPhase;
			buildActionMask = 2147483647;
			files = (
			);
			inputPaths = (
				"${PODS_PODFILE_DIR_PATH}/Podfile.lock",
				"${PODS_ROOT}/Manifest.lock",
			);
			name = "[CP] Check Pods Manifest.lock";
			outputPaths = (
				"$(DERIVED_FILE_DIR)/Pods-ReactYogaExample-checkManifestLockResult.txt",
			);
			runOnlyForDeploymentPostprocessing = 0;
			shellPath = /bin/sh;
			shellScript = "diff \"${PODS_PODFILE_DIR_PATH}/Podfile.lock\" \"${PODS_ROOT}/Manifest.lock\" > /dev/null\nif [ $? != 0 ] ; then\n    # print error to STDERR\n    echo \"error: The sandbox is not in sync with the Podfile.lock. Run 'pod install' or update your CocoaPods installation.\" >&2\n    exit 1\nfi\n# This output is used by Xcode 'outputs' to avoid re-running this script phase.\necho \"SUCCESS\" > \"${SCRIPT_OUTPUT_FILE_0}\"\n";
			showEnvVarsInLog = 0;
		};
/* End PBXShellScriptBuildPhase section */

/* Begin PBXSourcesBuildPhase section */
		5ED2D4AD212B6D1C009751FF /* Sources */ = {
			isa = PBXSourcesBuildPhase;
			buildActionMask = 2147483647;
			files = (
				5ED2D4E1212C13E7009751FF /* NativeViewController.swift in Sources */,
				5ED2D4C0212B6D1E009751FF /* main.m in Sources */,
				5ED2D4B6212B6D1C009751FF /* AppDelegate.m in Sources */,
			);
			runOnlyForDeploymentPostprocessing = 0;
		};
/* End PBXSourcesBuildPhase section */

/* Begin PBXVariantGroup section */
		5ED2D4BB212B6D1E009751FF /* LaunchScreen.storyboard */ = {
			isa = PBXVariantGroup;
			children = (
				5ED2D4BC212B6D1E009751FF /* Base */,
			);
			name = LaunchScreen.storyboard;
			sourceTree = "<group>";
		};
/* End PBXVariantGroup section */

/* Begin XCBuildConfiguration section */
		5ED2D4C1212B6D1E009751FF /* Debug */ = {
			isa = XCBuildConfiguration;
			buildSettings = {
				ALWAYS_SEARCH_USER_PATHS = NO;
				CLANG_ANALYZER_NONNULL = YES;
				CLANG_ANALYZER_NUMBER_OBJECT_CONVERSION = YES_AGGRESSIVE;
				CLANG_CXX_LANGUAGE_STANDARD = "gnu++14";
				CLANG_CXX_LIBRARY = "libc++";
				CLANG_ENABLE_MODULES = YES;
				CLANG_ENABLE_OBJC_ARC = YES;
				CLANG_ENABLE_OBJC_WEAK = YES;
				CLANG_WARN_BLOCK_CAPTURE_AUTORELEASING = YES;
				CLANG_WARN_BOOL_CONVERSION = YES;
				CLANG_WARN_COMMA = YES;
				CLANG_WARN_CONSTANT_CONVERSION = YES;
				CLANG_WARN_DEPRECATED_OBJC_IMPLEMENTATIONS = YES;
				CLANG_WARN_DIRECT_OBJC_ISA_USAGE = YES_ERROR;
				CLANG_WARN_DOCUMENTATION_COMMENTS = YES;
				CLANG_WARN_EMPTY_BODY = YES;
				CLANG_WARN_ENUM_CONVERSION = YES;
				CLANG_WARN_INFINITE_RECURSION = YES;
				CLANG_WARN_INT_CONVERSION = YES;
				CLANG_WARN_NON_LITERAL_NULL_CONVERSION = YES;
				CLANG_WARN_OBJC_IMPLICIT_RETAIN_SELF = YES;
				CLANG_WARN_OBJC_LITERAL_CONVERSION = YES;
				CLANG_WARN_OBJC_ROOT_CLASS = YES_ERROR;
				CLANG_WARN_RANGE_LOOP_ANALYSIS = YES;
				CLANG_WARN_STRICT_PROTOTYPES = YES;
				CLANG_WARN_SUSPICIOUS_MOVE = YES;
				CLANG_WARN_UNGUARDED_AVAILABILITY = YES_AGGRESSIVE;
				CLANG_WARN_UNREACHABLE_CODE = YES;
				CLANG_WARN__DUPLICATE_METHOD_MATCH = YES;
				CODE_SIGN_IDENTITY = "iPhone Developer";
				COPY_PHASE_STRIP = NO;
				DEBUG_INFORMATION_FORMAT = dwarf;
				ENABLE_STRICT_OBJC_MSGSEND = YES;
				ENABLE_TESTABILITY = YES;
				GCC_C_LANGUAGE_STANDARD = gnu11;
				GCC_DYNAMIC_NO_PIC = NO;
				GCC_NO_COMMON_BLOCKS = YES;
				GCC_OPTIMIZATION_LEVEL = 0;
				GCC_PREPROCESSOR_DEFINITIONS = (
					"DEBUG=1",
					"$(inherited)",
				);
				GCC_WARN_64_TO_32_BIT_CONVERSION = YES;
				GCC_WARN_ABOUT_RETURN_TYPE = YES_ERROR;
				GCC_WARN_UNDECLARED_SELECTOR = YES;
				GCC_WARN_UNINITIALIZED_AUTOS = YES_AGGRESSIVE;
				GCC_WARN_UNUSED_FUNCTION = YES;
				GCC_WARN_UNUSED_VARIABLE = YES;
				IPHONEOS_DEPLOYMENT_TARGET = 11.4;
				MTL_ENABLE_DEBUG_INFO = YES;
				ONLY_ACTIVE_ARCH = YES;
				SDKROOT = iphoneos;
				SWIFT_VERSION = 4.0;
			};
			name = Debug;
		};
		5ED2D4C2212B6D1E009751FF /* Release */ = {
			isa = XCBuildConfiguration;
			buildSettings = {
				ALWAYS_SEARCH_USER_PATHS = NO;
				CLANG_ANALYZER_NONNULL = YES;
				CLANG_ANALYZER_NUMBER_OBJECT_CONVERSION = YES_AGGRESSIVE;
				CLANG_CXX_LANGUAGE_STANDARD = "gnu++14";
				CLANG_CXX_LIBRARY = "libc++";
				CLANG_ENABLE_MODULES = YES;
				CLANG_ENABLE_OBJC_ARC = YES;
				CLANG_ENABLE_OBJC_WEAK = YES;
				CLANG_WARN_BLOCK_CAPTURE_AUTORELEASING = YES;
				CLANG_WARN_BOOL_CONVERSION = YES;
				CLANG_WARN_COMMA = YES;
				CLANG_WARN_CONSTANT_CONVERSION = YES;
				CLANG_WARN_DEPRECATED_OBJC_IMPLEMENTATIONS = YES;
				CLANG_WARN_DIRECT_OBJC_ISA_USAGE = YES_ERROR;
				CLANG_WARN_DOCUMENTATION_COMMENTS = YES;
				CLANG_WARN_EMPTY_BODY = YES;
				CLANG_WARN_ENUM_CONVERSION = YES;
				CLANG_WARN_INFINITE_RECURSION = YES;
				CLANG_WARN_INT_CONVERSION = YES;
				CLANG_WARN_NON_LITERAL_NULL_CONVERSION = YES;
				CLANG_WARN_OBJC_IMPLICIT_RETAIN_SELF = YES;
				CLANG_WARN_OBJC_LITERAL_CONVERSION = YES;
				CLANG_WARN_OBJC_ROOT_CLASS = YES_ERROR;
				CLANG_WARN_RANGE_LOOP_ANALYSIS = YES;
				CLANG_WARN_STRICT_PROTOTYPES = YES;
				CLANG_WARN_SUSPICIOUS_MOVE = YES;
				CLANG_WARN_UNGUARDED_AVAILABILITY = YES_AGGRESSIVE;
				CLANG_WARN_UNREACHABLE_CODE = YES;
				CLANG_WARN__DUPLICATE_METHOD_MATCH = YES;
				CODE_SIGN_IDENTITY = "iPhone Developer";
				COPY_PHASE_STRIP = NO;
				DEBUG_INFORMATION_FORMAT = "dwarf-with-dsym";
				ENABLE_NS_ASSERTIONS = NO;
				ENABLE_STRICT_OBJC_MSGSEND = YES;
				GCC_C_LANGUAGE_STANDARD = gnu11;
				GCC_NO_COMMON_BLOCKS = YES;
				GCC_WARN_64_TO_32_BIT_CONVERSION = YES;
				GCC_WARN_ABOUT_RETURN_TYPE = YES_ERROR;
				GCC_WARN_UNDECLARED_SELECTOR = YES;
				GCC_WARN_UNINITIALIZED_AUTOS = YES_AGGRESSIVE;
				GCC_WARN_UNUSED_FUNCTION = YES;
				GCC_WARN_UNUSED_VARIABLE = YES;
				IPHONEOS_DEPLOYMENT_TARGET = 11.4;
				MTL_ENABLE_DEBUG_INFO = NO;
				SDKROOT = iphoneos;
				SWIFT_VERSION = 4.0;
				VALIDATE_PRODUCT = YES;
			};
			name = Release;
		};
		5ED2D4C4212B6D1E009751FF /* Debug */ = {
			isa = XCBuildConfiguration;
			baseConfigurationReference = 9F7C7EB0DAE85FB5A9800427 /* Pods-ReactYogaExample.debug.xcconfig */;
			buildSettings = {
				ASSETCATALOG_COMPILER_APPICON_NAME = AppIcon;
				CLANG_ENABLE_MODULES = YES;
				CODE_SIGN_STYLE = Automatic;
				DEVELOPMENT_TEAM = L3E88L845K;
				INFOPLIST_FILE = ReactYogaExample/Info.plist;
				LD_RUNPATH_SEARCH_PATHS = (
					"$(inherited)",
					"@executable_path/Frameworks",
				);
				PRODUCT_BUNDLE_IDENTIFIER = com.koenpunt.ReactYogaExample;
				PRODUCT_NAME = "$(TARGET_NAME)";
				SWIFT_OBJC_BRIDGING_HEADER = "ReactYogaExample/ReactYogaExample-Bridging-Header.h";
				SWIFT_OPTIMIZATION_LEVEL = "-Onone";
				SWIFT_VERSION = 4.0;
				TARGETED_DEVICE_FAMILY = "1,2";
			};
			name = Debug;
		};
		5ED2D4C5212B6D1E009751FF /* Release */ = {
			isa = XCBuildConfiguration;
			baseConfigurationReference = 6F977D1C661B87378C230097 /* Pods-ReactYogaExample.release.xcconfig */;
			buildSettings = {
				ASSETCATALOG_COMPILER_APPICON_NAME = AppIcon;
				CLANG_ENABLE_MODULES = YES;
				CODE_SIGN_STYLE = Automatic;
				DEVELOPMENT_TEAM = L3E88L845K;
				INFOPLIST_FILE = ReactYogaExample/Info.plist;
				LD_RUNPATH_SEARCH_PATHS = (
					"$(inherited)",
					"@executable_path/Frameworks",
				);
				PRODUCT_BUNDLE_IDENTIFIER = com.koenpunt.ReactYogaExample;
				PRODUCT_NAME = "$(TARGET_NAME)";
				SWIFT_OBJC_BRIDGING_HEADER = "ReactYogaExample/ReactYogaExample-Bridging-Header.h";
				SWIFT_VERSION = 4.0;
				TARGETED_DEVICE_FAMILY = "1,2";
			};
			name = Release;
		};
/* End XCBuildConfiguration section */

/* Begin XCConfigurationList section */
		5ED2D4AC212B6D1C009751FF /* Build configuration list for PBXProject "ReactYogaExample" */ = {
			isa = XCConfigurationList;
			buildConfigurations = (
				5ED2D4C1212B6D1E009751FF /* Debug */,
				5ED2D4C2212B6D1E009751FF /* Release */,
			);
			defaultConfigurationIsVisible = 0;
			defaultConfigurationName = Release;
		};
		5ED2D4C3212B6D1E009751FF /* Build configuration list for PBXNativeTarget "ReactYogaExample" */ = {
			isa = XCConfigurationList;
			buildConfigurations = (
				5ED2D4C4212B6D1E009751FF /* Debug */,
				5ED2D4C5212B6D1E009751FF /* Release */,
			);
			defaultConfigurationIsVisible = 0;
			defaultConfigurationName = Release;
		};
/* End XCConfigurationList section */
	};
	rootObject = 5ED2D4A9212B6D1C009751FF /* Project object */;
}
